
Microsoft Visual Studio Solution File, Format Version 12.00
# Visual Studio 15
VisualStudioVersion = 15.0.26403.7
MinimumVisualStudioVersion = 10.0.40219.1
Project("{9A19103F-16F7-4668-BE54-9A1E7A4F7556}") = "timrlink.net.SampleCSVDotNetCore", "timrlink.net.SampleCSVDotNetCore\timrlink.net.SampleCSVDotNetCore.csproj", "{E6F2C8F8-3B2A-4188-AE07-F44D72E3F11D}"
EndProject
Project("{9A19103F-16F7-4668-BE54-9A1E7A4F7556}") = "timrlink.net.Core", "timrlink.net.Core\timrlink.net.Core.csproj", "{B65374F1-A7C6-4D8F-B5ED-59C4DAF0AC28}"
EndProject
Global
	GlobalSection(SolutionConfigurationPlatforms) = preSolution
		Debug|Any CPU = Debug|Any CPU
		Release|Any CPU = Release|Any CPU
	EndGlobalSection
	GlobalSection(ProjectConfigurationPlatforms) = postSolution
		{E6F2C8F8-3B2A-4188-AE07-F44D72E3F11D}.Debug|Any CPU.ActiveCfg = Debug|Any CPU
		{E6F2C8F8-3B2A-4188-AE07-F44D72E3F11D}.Debug|Any CPU.Build.0 = Debug|Any CPU
		{E6F2C8F8-3B2A-4188-AE07-F44D72E3F11D}.Release|Any CPU.ActiveCfg = Release|Any CPU
		{E6F2C8F8-3B2A-4188-AE07-F44D72E3F11D}.Release|Any CPU.Build.0 = Release|Any CPU
		{B65374F1-A7C6-4D8F-B5ED-59C4DAF0AC28}.Debug|Any CPU.ActiveCfg = Debug|Any CPU
		{B65374F1-A7C6-4D8F-B5ED-59C4DAF0AC28}.Debug|Any CPU.Build.0 = Debug|Any CPU
		{B65374F1-A7C6-4D8F-B5ED-59C4DAF0AC28}.Release|Any CPU.ActiveCfg = Release|Any CPU
		{B65374F1-A7C6-4D8F-B5ED-59C4DAF0AC28}.Release|Any CPU.Build.0 = Release|Any CPU
	EndGlobalSection
	GlobalSection(SolutionProperties) = preSolution
		HideSolutionNode = FALSE
	EndGlobalSection
	GlobalSection(ExtensibilityGlobals) = postSolution
		SolutionGuid = {B3DE4DFF-2B46-4E4F-AC1A-B35A311F0791}
	EndGlobalSection
EndGlobal
